// !$*UTF8*$!
{
	archiveVersion = 1;
	classes = {
	};
	objectVersion = 77;
	objects = {

/* Begin PBXContainerItemProxy section */
		387E0C132CCBDA91009D5A03 /* PBXContainerItemProxy */ = {
			isa = PBXContainerItemProxy;
			containerPortal = 387E0BF42CCBDA90009D5A03 /* Project object */;
			proxyType = 1;
			remoteGlobalIDString = 387E0BFB2CCBDA90009D5A03;
			remoteInfo = knowdegePages;
		};
		387E0C1D2CCBDA91009D5A03 /* PBXContainerItemProxy */ = {
			isa = PBXContainerItemProxy;
			containerPortal = 387E0BF42CCBDA90009D5A03 /* Project object */;
			proxyType = 1;
			remoteGlobalIDString = 387E0BFB2CCBDA90009D5A03;
			remoteInfo = knowdegePages;
		};
/* End PBXContainerItemProxy section */

/* Begin PBXFileReference section */
		387E0BFC2CCBDA90009D5A03 /* knowdegePages.app */ = {isa = PBXFileReference; explicitFileType = wrapper.application; includeInIndex = 0; path = knowdegePages.app; sourceTree = BUILT_PRODUCTS_DIR; };
		387E0C122CCBDA91009D5A03 /* knowdegePagesTests.xctest */ = {isa = PBXFileReference; explicitFileType = wrapper.cfbundle; includeInIndex = 0; path = knowdegePagesTests.xctest; sourceTree = BUILT_PRODUCTS_DIR; };
		387E0C1C2CCBDA91009D5A03 /* knowdegePagesUITests.xctest */ = {isa = PBXFileReference; explicitFileType = wrapper.cfbundle; includeInIndex = 0; path = knowdegePagesUITests.xctest; sourceTree = BUILT_PRODUCTS_DIR; };
/* End PBXFileReference section */

/* Begin PBXFileSystemSynchronizedBuildFileExceptionSet section */
		387E0C242CCBDA91009D5A03 /* Exceptions for "knowdegePages" folder in "knowdegePages" target */ = {
			isa = PBXFileSystemSynchronizedBuildFileExceptionSet;
			membershipExceptions = (
				Info.plist,
			);
			target = 387E0BFB2CCBDA90009D5A03 /* knowdegePages */;
		};
/* End PBXFileSystemSynchronizedBuildFileExceptionSet section */

/* Begin PBXFileSystemSynchronizedRootGroup section */
		387E0BFE2CCBDA90009D5A03 /* knowdegePages */ = {
			isa = PBXFileSystemSynchronizedRootGroup;
			exceptions = (
				387E0C242CCBDA91009D5A03 /* Exceptions for "knowdegePages" folder in "knowdegePages" target */,
			);
			path = knowdegePages;
			sourceTree = "<group>";
		};
		387E0C152CCBDA91009D5A03 /* knowdegePagesTests */ = {
			isa = PBXFileSystemSynchronizedRootGroup;
			path = knowdegePagesTests;
			sourceTree = "<group>";
		};
		387E0C1F2CCBDA91009D5A03 /* knowdegePagesUITests */ = {
			isa = PBXFileSystemSynchronizedRootGroup;
			path = knowdegePagesUITests;
			sourceTree = "<group>";
		};
/* End PBXFileSystemSynchronizedRootGroup section */

/* Begin PBXFrameworksBuildPhase section */
		387E0BF92CCBDA90009D5A03 /* Frameworks */ = {
			isa = PBXFrameworksBuildPhase;
			buildActionMask = 2147483647;
			files = (
			);
			runOnlyForDeploymentPostprocessing = 0;
		};
		387E0C0F2CCBDA91009D5A03 /* Frameworks */ = {
			isa = PBXFrameworksBuildPhase;
			buildActionMask = 2147483647;
			files = (
			);
			runOnlyForDeploymentPostprocessing = 0;
		};
		387E0C192CCBDA91009D5A03 /* Frameworks */ = {
			isa = PBXFrameworksBuildPhase;
			buildActionMask = 2147483647;
			files = (
			);
			runOnlyForDeploymentPostprocessing = 0;
		};
/* End PBXFrameworksBuildPhase section */

/* Begin PBXGroup section */
		387E0BF32CCBDA90009D5A03 = {
			isa = PBXGroup;
			children = (
				387E0BFE2CCBDA90009D5A03 /* knowdegePages */,
				387E0C152CCBDA91009D5A03 /* knowdegePagesTests */,
				387E0C1F2CCBDA91009D5A03 /* knowdegePagesUITests */,
				387E0BFD2CCBDA90009D5A03 /* Products */,
			);
			sourceTree = "<group>";
		};
		387E0BFD2CCBDA90009D5A03 /* Products */ = {
			isa = PBXGroup;
			children = (
				387E0BFC2CCBDA90009D5A03 /* knowdegePages.app */,
				387E0C122CCBDA91009D5A03 /* knowdegePagesTests.xctest */,
				387E0C1C2CCBDA91009D5A03 /* knowdegePagesUITests.xctest */,
			);
			name = Products;
			sourceTree = "<group>";
		};
/* End PBXGroup section */

/* Begin PBXNativeTarget section */
		387E0BFB2CCBDA90009D5A03 /* knowdegePages */ = {
			isa = PBXNativeTarget;
			buildConfigurationList = 387E0C252CCBDA91009D5A03 /* Build configuration list for PBXNativeTarget "knowdegePages" */;
			buildPhases = (
				387E0BF82CCBDA90009D5A03 /* Sources */,
				387E0BF92CCBDA90009D5A03 /* Frameworks */,
				387E0BFA2CCBDA90009D5A03 /* Resources */,
			);
			buildRules = (
			);
			dependencies = (
			);
			fileSystemSynchronizedGroups = (
				387E0BFE2CCBDA90009D5A03 /* knowdegePages */,
			);
			name = knowdegePages;
			packageProductDependencies = (
			);
			productName = knowdegePages;
			productReference = 387E0BFC2CCBDA90009D5A03 /* knowdegePages.app */;
			productType = "com.apple.product-type.application";
		};
		387E0C112CCBDA91009D5A03 /* knowdegePagesTests */ = {
			isa = PBXNativeTarget;
			buildConfigurationList = 387E0C2A2CCBDA91009D5A03 /* Build configuration list for PBXNativeTarget "knowdegePagesTests" */;
			buildPhases = (
				387E0C0E2CCBDA91009D5A03 /* Sources */,
				387E0C0F2CCBDA91009D5A03 /* Frameworks */,
				387E0C102CCBDA91009D5A03 /* Resources */,
			);
			buildRules = (
			);
			dependencies = (
				387E0C142CCBDA91009D5A03 /* PBXTargetDependency */,
			);
			fileSystemSynchronizedGroups = (
				387E0C152CCBDA91009D5A03 /* knowdegePagesTests */,
			);
			name = knowdegePagesTests;
			packageProductDependencies = (
			);
			productName = knowdegePagesTests;
			productReference = 387E0C122CCBDA91009D5A03 /* knowdegePagesTests.xctest */;
			productType = "com.apple.product-type.bundle.unit-test";
		};
		387E0C1B2CCBDA91009D5A03 /* knowdegePagesUITests */ = {
			isa = PBXNativeTarget;
			buildConfigurationList = 387E0C2D2CCBDA91009D5A03 /* Build configuration list for PBXNativeTarget "knowdegePagesUITests" */;
			buildPhases = (
				387E0C182CCBDA91009D5A03 /* Sources */,
				387E0C192CCBDA91009D5A03 /* Frameworks */,
				387E0C1A2CCBDA91009D5A03 /* Resources */,
			);
			buildRules = (
			);
			dependencies = (
				387E0C1E2CCBDA91009D5A03 /* PBXTargetDependency */,
			);
			fileSystemSynchronizedGroups = (
				387E0C1F2CCBDA91009D5A03 /* knowdegePagesUITests */,
			);
			name = knowdegePagesUITests;
			packageProductDependencies = (
			);
			productName = knowdegePagesUITests;
			productReference = 387E0C1C2CCBDA91009D5A03 /* knowdegePagesUITests.xctest */;
			productType = "com.apple.product-type.bundle.ui-testing";
		};
/* End PBXNativeTarget section */

/* Begin PBXProject section */
		387E0BF42CCBDA90009D5A03 /* Project object */ = {
			isa = PBXProject;
			attributes = {
				BuildIndependentTargetsInParallel = 1;
				LastSwiftUpdateCheck = 1600;
				LastUpgradeCheck = 1600;
				TargetAttributes = {
					387E0BFB2CCBDA90009D5A03 = {
						CreatedOnToolsVersion = 16.0;
					};
					387E0C112CCBDA91009D5A03 = {
						CreatedOnToolsVersion = 16.0;
						TestTargetID = 387E0BFB2CCBDA90009D5A03;
					};
					387E0C1B2CCBDA91009D5A03 = {
						CreatedOnToolsVersion = 16.0;
						TestTargetID = 387E0BFB2CCBDA90009D5A03;
					};
				};
			};
			buildConfigurationList = 387E0BF72CCBDA90009D5A03 /* Build configuration list for PBXProject "knowdegePages" */;
			developmentRegion = en;
			hasScannedForEncodings = 0;
			knownRegions = (
				en,
				Base,
			);
			mainGroup = 387E0BF32CCBDA90009D5A03;
			minimizedProjectReferenceProxies = 1;
			preferredProjectObjectVersion = 77;
			productRefGroup = 387E0BFD2CCBDA90009D5A03 /* Products */;
			projectDirPath = "";
			projectRoot = "";
			targets = (
				387E0BFB2CCBDA90009D5A03 /* knowdegePages */,
				387E0C112CCBDA91009D5A03 /* knowdegePagesTests */,
				387E0C1B2CCBDA91009D5A03 /* knowdegePagesUITests */,
			);
		};
/* End PBXProject section */

/* Begin PBXResourcesBuildPhase section */
		387E0BFA2CCBDA90009D5A03 /* Resources */ = {
			isa = PBXResourcesBuildPhase;
			buildActionMask = 2147483647;
			files = (
			);
			runOnlyForDeploymentPostprocessing = 0;
		};
		387E0C102CCBDA91009D5A03 /* Resources */ = {
			isa = PBXResourcesBuildPhase;
			buildActionMask = 2147483647;
			files = (
			);
			runOnlyForDeploymentPostprocessing = 0;
		};
		387E0C1A2CCBDA91009D5A03 /* Resources */ = {
			isa = PBXResourcesBuildPhase;
			buildActionMask = 2147483647;
			files = (
			);
			runOnlyForDeploymentPostprocessing = 0;
		};
/* End PBXResourcesBuildPhase section */

/* Begin PBXSourcesBuildPhase section */
		387E0BF82CCBDA90009D5A03 /* Sources */ = {
			isa = PBXSourcesBuildPhase;
			buildActionMask = 2147483647;
			files = (
			);
			runOnlyForDeploymentPostprocessing = 0;
		};
		387E0C0E2CCBDA91009D5A03 /* Sources */ = {
			isa = PBXSourcesBuildPhase;
			buildActionMask = 2147483647;
			files = (
			);
			runOnlyForDeploymentPostprocessing = 0;
		};
		387E0C182CCBDA91009D5A03 /* Sources */ = {
			isa = PBXSourcesBuildPhase;
			buildActionMask = 2147483647;
			files = (
			);
			runOnlyForDeploymentPostprocessing = 0;
		};
/* End PBXSourcesBuildPhase section */

/* Begin PBXTargetDependency section */
		387E0C142CCBDA91009D5A03 /* PBXTargetDependency */ = {
			isa = PBXTargetDependency;
			target = 387E0BFB2CCBDA90009D5A03 /* knowdegePages */;
			targetProxy = 387E0C132CCBDA91009D5A03 /* PBXContainerItemProxy */;
		};
		387E0C1E2CCBDA91009D5A03 /* PBXTargetDependency */ = {
			isa = PBXTargetDependency;
			target = 387E0BFB2CCBDA90009D5A03 /* knowdegePages */;
			targetProxy = 387E0C1D2CCBDA91009D5A03 /* PBXContainerItemProxy */;
		};
/* End PBXTargetDependency section */

/* Begin XCBuildConfiguration section */
		387E0C262CCBDA91009D5A03 /* Debug */ = {
			isa = XCBuildConfiguration;
			buildSettings = {
				ASSETCATALOG_COMPILER_APPICON_NAME = AppIcon;
				ASSETCATALOG_COMPILER_GLOBAL_ACCENT_COLOR_NAME = AccentColor;
				CODE_SIGN_STYLE = Automatic;
				CURRENT_PROJECT_VERSION = 1;
				GENERATE_INFOPLIST_FILE = YES;
				INFOPLIST_FILE = knowdegePages/Info.plist;
				INFOPLIST_KEY_UIApplicationSupportsIndirectInputEvents = YES;
				INFOPLIST_KEY_UILaunchStoryboardName = LaunchScreen;
				INFOPLIST_KEY_UIMainStoryboardFile = Main;
				INFOPLIST_KEY_UISupportedInterfaceOrientations_iPad = "UIInterfaceOrientationPortrait UIInterfaceOrientationPortraitUpsideDown UIInterfaceOrientationLandscapeLeft UIInterfaceOrientationLandscapeRight";
				INFOPLIST_KEY_UISupportedInterfaceOrientations_iPhone = "UIInterfaceOrientationPortrait UIInterfaceOrientationLandscapeLeft UIInterfaceOrientationLandscapeRight";
				LD_RUNPATH_SEARCH_PATHS = (
					"$(inherited)",
					"@executable_path/Frameworks",
				);
				MARKETING_VERSION = 1.0;
				PRODUCT_BUNDLE_IDENTIFIER = com.knowdegePages;
				PRODUCT_NAME = "$(TARGET_NAME)";
				SWIFT_EMIT_LOC_STRINGS = YES;
				SWIFT_VERSION = 5.0;
				TARGETED_DEVICE_FAMILY = "1,2";
			};
			name = Debug;
		};
		387E0C272CCBDA91009D5A03 /* Release */ = {
			isa = XCBuildConfiguration;
			buildSettings = {
				ASSETCATALOG_COMPILER_APPICON_NAME = AppIcon;
				ASSETCATALOG_COMPILER_GLOBAL_ACCENT_COLOR_NAME = AccentColor;
				CODE_SIGN_STYLE = Automatic;
				CURRENT_PROJECT_VERSION = 1;
				GENERATE_INFOPLIST_FILE = YES;
				INFOPLIST_FILE = knowdegePages/Info.plist;
				INFOPLIST_KEY_UIApplicationSupportsIndirectInputEvents = YES;
				INFOPLIST_KEY_UILaunchStoryboardName = LaunchScreen;
				INFOPLIST_KEY_UIMainStoryboardFile = Main;
				INFOPLIST_KEY_UISupportedInterfaceOrientations_iPad = "UIInterfaceOrientationPortrait UIInterfaceOrientationPortraitUpsideDown UIInterfaceOrientationLandscapeLeft UIInterfaceOrientationLandscapeRight";
				INFOPLIST_KEY_UISupportedInterfaceOrientations_iPhone = "UIInterfaceOrientationPortrait UIInterfaceOrientationLandscapeLeft UIInterfaceOrientationLandscapeRight";
				LD_RUNPATH_SEARCH_PATHS = (
					"$(inherited)",
					"@executable_path/Frameworks",
				);
				MARKETING_VERSION = 1.0;
				PRODUCT_BUNDLE_IDENTIFIER = com.knowdegePages;
				PRODUCT_NAME = "$(TARGET_NAME)";
				SWIFT_EMIT_LOC_STRINGS = YES;
				SWIFT_VERSION = 5.0;
				TARGETED_DEVICE_FAMILY = "1,2";
			};
			name = Release;
		};
		387E0C282CCBDA91009D5A03 /* Debug */ = {
			isa = XCBuildConfiguration;
			buildSettings = {
				ALWAYS_SEARCH_USER_PATHS = NO;
				ASSETCATALOG_COMPILER_GENERATE_SWIFT_ASSET_SYMBOL_EXTENSIONS = YES;
				CLANG_ANALYZER_NONNULL = YES;
				CLANG_ANALYZER_NUMBER_OBJECT_CONVERSION = YES_AGGRESSIVE;
				CLANG_CXX_LANGUAGE_STANDARD = "gnu++20";
				CLANG_ENABLE_MODULES = YES;
				CLANG_ENABLE_OBJC_ARC = YES;
				CLANG_ENABLE_OBJC_WEAK = YES;
				CLANG_WARN_BLOCK_CAPTURE_AUTORELEASING = YES;
				CLANG_WARN_BOOL_CONVERSION = YES;
				CLANG_WARN_COMMA = YES;
				CLANG_WARN_CONSTANT_CONVERSION = YES;
				CLANG_WARN_DEPRECATED_OBJC_IMPLEMENTATIONS = YES;
				CLANG_WARN_DIRECT_OBJC_ISA_USAGE = YES_ERROR;
				CLANG_WARN_DOCUMENTATION_COMMENTS = YES;
				CLANG_WARN_EMPTY_BODY = YES;
				CLANG_WARN_ENUM_CONVERSION = YES;
				CLANG_WARN_INFINITE_RECURSION = YES;
				CLANG_WARN_INT_CONVERSION = YES;
				CLANG_WARN_NON_LITERAL_NULL_CONVERSION = YES;
				CLANG_WARN_OBJC_IMPLICIT_RETAIN_SELF = YES;
				CLANG_WARN_OBJC_LITERAL_CONVERSION = YES;
				CLANG_WARN_OBJC_ROOT_CLASS = YES_ERROR;
				CLANG_WARN_QUOTED_INCLUDE_IN_FRAMEWORK_HEADER = YES;
				CLANG_WARN_RANGE_LOOP_ANALYSIS = YES;
				CLANG_WARN_STRICT_PROTOTYPES = YES;
				CLANG_WARN_SUSPICIOUS_MOVE = YES;
				CLANG_WARN_UNGUARDED_AVAILABILITY = YES_AGGRESSIVE;
				CLANG_WARN_UNREACHABLE_CODE = YES;
				CLANG_WARN__DUPLICATE_METHOD_MATCH = YES;
				COPY_PHASE_STRIP = NO;
				DEBUG_INFORMATION_FORMAT = dwarf;
				ENABLE_STRICT_OBJC_MSGSEND = YES;
				ENABLE_TESTABILITY = YES;
				ENABLE_USER_SCRIPT_SANDBOXING = YES;
				GCC_C_LANGUAGE_STANDARD = gnu17;
				GCC_DYNAMIC_NO_PIC = NO;
				GCC_NO_COMMON_BLOCKS = YES;
				GCC_OPTIMIZATION_LEVEL = 0;
				GCC_PREPROCESSOR_DEFINITIONS = (
					"DEBUG=1",
					"$(inherited)",
				);
				GCC_WARN_64_TO_32_BIT_CONVERSION = YES;
				GCC_WARN_ABOUT_RETURN_TYPE = YES_ERROR;
				GCC_WARN_UNDECLARED_SELECTOR = YES;
				GCC_WARN_UNINITIALIZED_AUTOS = YES_AGGRESSIVE;
				GCC_WARN_UNUSED_FUNCTION = YES;
				GCC_WARN_UNUSED_VARIABLE = YES;
				IPHONEOS_DEPLOYMENT_TARGET = 18.0;
				LOCALIZATION_PREFERS_STRING_CATALOGS = YES;
				MTL_ENABLE_DEBUG_INFO = INCLUDE_SOURCE;
				MTL_FAST_MATH = YES;
				ONLY_ACTIVE_ARCH = YES;
				SDKROOT = iphoneos;
				SWIFT_ACTIVE_COMPILATION_CONDITIONS = "DEBUG $(inherited)";
				SWIFT_OPTIMIZATION_LEVEL = "-Onone";
			};
			name = Debug;
		};
		387E0C292CCBDA91009D5A03 /* Release */ = {
			isa = XCBuildConfiguration;
			buildSettings = {
				ALWAYS_SEARCH_USER_PATHS = NO;
				ASSETCATALOG_COMPILER_GENERATE_SWIFT_ASSET_SYMBOL_EXTENSIONS = YES;
				CLANG_ANALYZER_NONNULL = YES;
				CLANG_ANALYZER_NUMBER_OBJECT_CONVERSION = YES_AGGRESSIVE;
				CLANG_CXX_LANGUAGE_STANDARD = "gnu++20";
				CLANG_ENABLE_MODULES = YES;
				CLANG_ENABLE_OBJC_ARC = YES;
				CLANG_ENABLE_OBJC_WEAK = YES;
				CLANG_WARN_BLOCK_CAPTURE_AUTORELEASING = YES;
				CLANG_WARN_BOOL_CONVERSION = YES;
				CLANG_WARN_COMMA = YES;
				CLANG_WARN_CONSTANT_CONVERSION = YES;
				CLANG_WARN_DEPRECATED_OBJC_IMPLEMENTATIONS = YES;
				CLANG_WARN_DIRECT_OBJC_ISA_USAGE = YES_ERROR;
				CLANG_WARN_DOCUMENTATION_COMMENTS = YES;
				CLANG_WARN_EMPTY_BODY = YES;
				CLANG_WARN_ENUM_CONVERSION = YES;
				CLANG_WARN_INFINITE_RECURSION = YES;
				CLANG_WARN_INT_CONVERSION = YES;
				CLANG_WARN_NON_LITERAL_NULL_CONVERSION = YES;
				CLANG_WARN_OBJC_IMPLICIT_RETAIN_SELF = YES;
				CLANG_WARN_OBJC_LITERAL_CONVERSION = YES;
				CLANG_WARN_OBJC_ROOT_CLASS = YES_ERROR;
				CLANG_WARN_QUOTED_INCLUDE_IN_FRAMEWORK_HEADER = YES;
				CLANG_WARN_RANGE_LOOP_ANALYSIS = YES;
				CLANG_WARN_STRICT_PROTOTYPES = YES;
				CLANG_WARN_SUSPICIOUS_MOVE = YES;
				CLANG_WARN_UNGUARDED_AVAILABILITY = YES_AGGRESSIVE;
				CLANG_WARN_UNREACHABLE_CODE = YES;
				CLANG_WARN__DUPLICATE_METHOD_MATCH = YES;
				COPY_PHASE_STRIP = NO;
				DEBUG_INFORMATION_FORMAT = "dwarf-with-dsym";
				ENABLE_NS_ASSERTIONS = NO;
				ENABLE_STRICT_OBJC_MSGSEND = YES;
				ENABLE_USER_SCRIPT_SANDBOXING = YES;
				GCC_C_LANGUAGE_STANDARD = gnu17;
				GCC_NO_COMMON_BLOCKS = YES;
				GCC_WARN_64_TO_32_BIT_CONVERSION = YES;
				GCC_WARN_ABOUT_RETURN_TYPE = YES_ERROR;
				GCC_WARN_UNDECLARED_SELECTOR = YES;
				GCC_WARN_UNINITIALIZED_AUTOS = YES_AGGRESSIVE;
				GCC_WARN_UNUSED_FUNCTION = YES;
				GCC_WARN_UNUSED_VARIABLE = YES;
				IPHONEOS_DEPLOYMENT_TARGET = 18.0;
				LOCALIZATION_PREFERS_STRING_CATALOGS = YES;
				MTL_ENABLE_DEBUG_INFO = NO;
				MTL_FAST_MATH = YES;
				SDKROOT = iphoneos;
				SWIFT_COMPILATION_MODE = wholemodule;
				VALIDATE_PRODUCT = YES;
			};
			name = Release;
		};
		387E0C2B2CCBDA91009D5A03 /* Debug */ = {
			isa = XCBuildConfiguration;
			buildSettings = {
				BUNDLE_LOADER = "$(TEST_HOST)";
				CODE_SIGN_STYLE = Automatic;
				CURRENT_PROJECT_VERSION = 1;
				GENERATE_INFOPLIST_FILE = YES;
				IPHONEOS_DEPLOYMENT_TARGET = 18.0;
				MARKETING_VERSION = 1.0;
				PRODUCT_BUNDLE_IDENTIFIER = com.knowdegePagesTests;
				PRODUCT_NAME = "$(TARGET_NAME)";
				SWIFT_EMIT_LOC_STRINGS = NO;
				SWIFT_VERSION = 5.0;
				TARGETED_DEVICE_FAMILY = "1,2";
				TEST_HOST = "$(BUILT_PRODUCTS_DIR)/knowdegePages.app/$(BUNDLE_EXECUTABLE_FOLDER_PATH)/knowdegePages";
			};
			name = Debug;
		};
		387E0C2C2CCBDA91009D5A03 /* Release */ = {
			isa = XCBuildConfiguration;
			buildSettings = {
				BUNDLE_LOADER = "$(TEST_HOST)";
				CODE_SIGN_STYLE = Automatic;
				CURRENT_PROJECT_VERSION = 1;
				GENERATE_INFOPLIST_FILE = YES;
				IPHONEOS_DEPLOYMENT_TARGET = 18.0;
				MARKETING_VERSION = 1.0;
				PRODUCT_BUNDLE_IDENTIFIER = com.knowdegePagesTests;
				PRODUCT_NAME = "$(TARGET_NAME)";
				SWIFT_EMIT_LOC_STRINGS = NO;
				SWIFT_VERSION = 5.0;
				TARGETED_DEVICE_FAMILY = "1,2";
				TEST_HOST = "$(BUILT_PRODUCTS_DIR)/knowdegePages.app/$(BUNDLE_EXECUTABLE_FOLDER_PATH)/knowdegePages";
			};
			name = Release;
		};
		387E0C2E2CCBDA91009D5A03 /* Debug */ = {
			isa = XCBuildConfiguration;
			buildSettings = {
				CODE_SIGN_STYLE = Automatic;
				CURRENT_PROJECT_VERSION = 1;
				GENERATE_INFOPLIST_FILE = YES;
				MARKETING_VERSION = 1.0;
				PRODUCT_BUNDLE_IDENTIFIER = com.knowdegePagesUITests;
				PRODUCT_NAME = "$(TARGET_NAME)";
				SWIFT_EMIT_LOC_STRINGS = NO;
				SWIFT_VERSION = 5.0;
				TARGETED_DEVICE_FAMILY = "1,2";
				TEST_TARGET_NAME = knowdegePages;
			};
			name = Debug;
		};
		387E0C2F2CCBDA91009D5A03 /* Release */ = {
			isa = XCBuildConfiguration;
			buildSettings = {
				CODE_SIGN_STYLE = Automatic;
				CURRENT_PROJECT_VERSION = 1;
				GENERATE_INFOPLIST_FILE = YES;
				MARKETING_VERSION = 1.0;
				PRODUCT_BUNDLE_IDENTIFIER = com.knowdegePagesUITests;
				PRODUCT_NAME = "$(TARGET_NAME)";
				SWIFT_EMIT_LOC_STRINGS = NO;
				SWIFT_VERSION = 5.0;
				TARGETED_DEVICE_FAMILY = "1,2";
				TEST_TARGET_NAME = knowdegePages;
			};
			name = Release;
		};
/* End XCBuildConfiguration section */

/* Begin XCConfigurationList section */
		387E0BF72CCBDA90009D5A03 /* Build configuration list for PBXProject "knowdegePages" */ = {
			isa = XCConfigurationList;
			buildConfigurations = (
				387E0C282CCBDA91009D5A03 /* Debug */,
				387E0C292CCBDA91009D5A03 /* Release */,
			);
			defaultConfigurationIsVisible = 0;
			defaultConfigurationName = Release;
		};
		387E0C252CCBDA91009D5A03 /* Build configuration list for PBXNativeTarget "knowdegePages" */ = {
			isa = XCConfigurationList;
			buildConfigurations = (
				387E0C262CCBDA91009D5A03 /* Debug */,
				387E0C272CCBDA91009D5A03 /* Release */,
			);
			defaultConfigurationIsVisible = 0;
			defaultConfigurationName = Release;
		};
		387E0C2A2CCBDA91009D5A03 /* Build configuration list for PBXNativeTarget "knowdegePagesTests" */ = {
			isa = XCConfigurationList;
			buildConfigurations = (
				387E0C2B2CCBDA91009D5A03 /* Debug */,
				387E0C2C2CCBDA91009D5A03 /* Release */,
			);
			defaultConfigurationIsVisible = 0;
			defaultConfigurationName = Release;
		};
		387E0C2D2CCBDA91009D5A03 /* Build configuration list for PBXNativeTarget "knowdegePagesUITests" */ = {
			isa = XCConfigurationList;
			buildConfigurations = (
				387E0C2E2CCBDA91009D5A03 /* Debug */,
				387E0C2F2CCBDA91009D5A03 /* Release */,
			);
			defaultConfigurationIsVisible = 0;
			defaultConfigurationName = Release;
		};
/* End XCConfigurationList section */
	};
	rootObject = 387E0BF42CCBDA90009D5A03 /* Project object */;
}
